
Microsoft Visual Studio Solution File, Format Version 11.00
# Visual Studio 2010
Project("{FAE04EC0-301F-11D3-BF4B-00C04F79EFBC}") = "EncryptedDecryptedAlgo", "EncryptedDecryptedAlgo.csproj", "{347DE248-95B6-4AD1-975F-914F874439F8}"
EndProject
Global
	GlobalSection(SolutionConfigurationPlatforms) = preSolution
		Debug|Any CPU = Debug|Any CPU
		Release|Any CPU = Release|Any CPU
	EndGlobalSection
	GlobalSection(ProjectConfigurationPlatforms) = postSolution
		{347DE248-95B6-4AD1-975F-914F874439F8}.Debug|Any CPU.ActiveCfg = Debug|Any CPU
		{347DE248-95B6-4AD1-975F-914F874439F8}.Debug|Any CPU.Build.0 = Debug|Any CPU
		{347DE248-95B6-4AD1-975F-914F874439F8}.Release|Any CPU.ActiveCfg = Release|Any CPU
		{347DE248-95B6-4AD1-975F-914F874439F8}.Release|Any CPU.Build.0 = Release|Any CPU
	EndGlobalSection
	GlobalSection(SolutionProperties) = preSolution
		HideSolutionNode = FALSE
	EndGlobalSection
EndGlobal
